
Microsoft Visual Studio Solution File, Format Version 12.00
# Visual Studio Version 17
VisualStudioVersion = 17.0.32014.148
MinimumVisualStudioVersion = 10.0.40219.1
Project("{2150E333-8FDC-42A3-9474-1A3956D46DE8}") = "src", "src", "{0C157CE0-BC5F-4469-96CF-F57CDE7F313A}"
EndProject
Project("{2150E333-8FDC-42A3-9474-1A3956D46DE8}") = "Core", "Core", "{A379DFF6-84A3-4B7A-943F-4E4DE319ADB2}"
EndProject
Project("{2150E333-8FDC-42A3-9474-1A3956D46DE8}") = "Infrastructure", "Infrastructure", "{FFBA0E3D-75F9-48FB-B989-46EA1E401F35}"
EndProject
Project("{9A19103F-16F7-4668-BE54-9A1E7A4F7556}") = "TechNews.Application", "TechNews\src\Core\TechNews.Application\TechNews.Application.csproj", "{08AA1A97-84A6-4427-8654-76E3A09C1F39}"
EndProject
Project("{9A19103F-16F7-4668-BE54-9A1E7A4F7556}") = "TechNews.Domain", "TechNews\src\Core\TechNews.Domain\TechNews.Domain.csproj", "{C721BE30-46F6-4D70-AD8A-279678C102DA}"
EndProject
Project("{9A19103F-16F7-4668-BE54-9A1E7A4F7556}") = "TechNews.Identity", "TechNews\src\Infrastructure\TechNews.Identity\TechNews.Identity.csproj", "{0D967F8D-87D8-451E-ADF6-7C13E9A73F7C}"
EndProject
Project("{9A19103F-16F7-4668-BE54-9A1E7A4F7556}") = "TechNews.Infrastructure", "TechNews\src\Infrastructure\TechNews.Infrastructure\TechNews.Infrastructure.csproj", "{B872D2C1-BBB2-4FDF-B415-F9337D8B990C}"
EndProject
Project("{9A19103F-16F7-4668-BE54-9A1E7A4F7556}") = "TechNews.Persistence", "TechNews\src\Infrastructure\TechNews.Persistence\TechNews.Persistence.csproj", "{F42CE410-28D4-442B-834C-84F712471771}"
EndProject
Project("{2150E333-8FDC-42A3-9474-1A3956D46DE8}") = "test", "test", "{C7C32F29-34DE-487C-9D21-10E1A4AA4699}"
EndProject
Project("{9A19103F-16F7-4668-BE54-9A1E7A4F7556}") = "TechNews.Persistence.IntegrationTests", "TechNews\test\TechNews.Persistence.IntegrationTests\TechNews.Persistence.IntegrationTests.csproj", "{968C2808-654D-40A4-9C5D-123AE6889DD6}"
	ProjectSection(ProjectDependencies) = postProject
		{08AA1A97-84A6-4427-8654-76E3A09C1F39} = {08AA1A97-84A6-4427-8654-76E3A09C1F39}
		{C721BE30-46F6-4D70-AD8A-279678C102DA} = {C721BE30-46F6-4D70-AD8A-279678C102DA}
		{F42CE410-28D4-442B-834C-84F712471771} = {F42CE410-28D4-442B-834C-84F712471771}
		{0D967F8D-87D8-451E-ADF6-7C13E9A73F7C} = {0D967F8D-87D8-451E-ADF6-7C13E9A73F7C}
	EndProjectSection
EndProject
Project("{9A19103F-16F7-4668-BE54-9A1E7A4F7556}") = "TechNews.Application.UnitTests", "TechNews\test\TechNews.Application.UnitTests\TechNews.Application.UnitTests.csproj", "{F50BA165-2EA3-40C9-9FC1-C5B21458CD3B}"
EndProject
Project("{9A19103F-16F7-4668-BE54-9A1E7A4F7556}") = "TechNews.Identity.UnitTests", "TechNews\test\TechNews.Identity.UnitTests\TechNews.Identity.UnitTests.csproj", "{7AE82DCB-39DF-4CC4-8C3B-D0D14122041E}"
EndProject
Project("{9A19103F-16F7-4668-BE54-9A1E7A4F7556}") = "TechNews.Infrastructure.UnitTests", "TechNews\test\TechNews.Infrastructure.UnitTests\TechNews.Infrastructure.UnitTests.csproj", "{8A282ABE-9888-4FE1-9193-72EC3AB6C5E1}"
EndProject
Project("{2150E333-8FDC-42A3-9474-1A3956D46DE8}") = "API", "API", "{6F0F4AE4-5FD0-4856-8178-EA38748C6C2F}"
EndProject
Project("{9A19103F-16F7-4668-BE54-9A1E7A4F7556}") = "TechNews.Api", "TechNews\src\API\TechNews.Api\TechNews.Api.csproj", "{5FCC9263-50A3-4E56-A426-F8B413D2EDBB}"
EndProject
Project("{9A19103F-16F7-4668-BE54-9A1E7A4F7556}") = "TechNews.API.IntegrationTests", "TechNews\test\TechNews.API.IntegrationTests\TechNews.API.IntegrationTests.csproj", "{A72B8D4F-26BA-42A6-BB6C-E9D84AADA241}"
EndProject
Project("{9A19103F-16F7-4668-BE54-9A1E7A4F7556}") = "TechNews.API.UnitTests", "TechNews\test\TechNews.API.UnitTests\TechNews.API.UnitTests.csproj", "{829EE8D6-B40F-4804-B35D-F221F2B97875}"
EndProject
Project("{2150E333-8FDC-42A3-9474-1A3956D46DE8}") = "NewFolder1", "NewFolder1", "{3F4DEF44-3D4F-46DC-BF15-9BCDD01CC377}"
EndProject
Global
	GlobalSection(SolutionConfigurationPlatforms) = preSolution
		Debug|Any CPU = Debug|Any CPU
		Release|Any CPU = Release|Any CPU
	EndGlobalSection
	GlobalSection(ProjectConfigurationPlatforms) = postSolution
		{08AA1A97-84A6-4427-8654-76E3A09C1F39}.Debug|Any CPU.ActiveCfg = Debug|Any CPU
		{08AA1A97-84A6-4427-8654-76E3A09C1F39}.Debug|Any CPU.Build.0 = Debug|Any CPU
		{08AA1A97-84A6-4427-8654-76E3A09C1F39}.Release|Any CPU.ActiveCfg = Release|Any CPU
		{08AA1A97-84A6-4427-8654-76E3A09C1F39}.Release|Any CPU.Build.0 = Release|Any CPU
		{C721BE30-46F6-4D70-AD8A-279678C102DA}.Debug|Any CPU.ActiveCfg = Debug|Any CPU
		{C721BE30-46F6-4D70-AD8A-279678C102DA}.Debug|Any CPU.Build.0 = Debug|Any CPU
		{C721BE30-46F6-4D70-AD8A-279678C102DA}.Release|Any CPU.ActiveCfg = Release|Any CPU
		{C721BE30-46F6-4D70-AD8A-279678C102DA}.Release|Any CPU.Build.0 = Release|Any CPU
		{0D967F8D-87D8-451E-ADF6-7C13E9A73F7C}.Debug|Any CPU.ActiveCfg = Debug|Any CPU
		{0D967F8D-87D8-451E-ADF6-7C13E9A73F7C}.Debug|Any CPU.Build.0 = Debug|Any CPU
		{0D967F8D-87D8-451E-ADF6-7C13E9A73F7C}.Release|Any CPU.ActiveCfg = Release|Any CPU
		{0D967F8D-87D8-451E-ADF6-7C13E9A73F7C}.Release|Any CPU.Build.0 = Release|Any CPU
		{B872D2C1-BBB2-4FDF-B415-F9337D8B990C}.Debug|Any CPU.ActiveCfg = Debug|Any CPU
		{B872D2C1-BBB2-4FDF-B415-F9337D8B990C}.Debug|Any CPU.Build.0 = Debug|Any CPU
		{B872D2C1-BBB2-4FDF-B415-F9337D8B990C}.Release|Any CPU.ActiveCfg = Release|Any CPU
		{B872D2C1-BBB2-4FDF-B415-F9337D8B990C}.Release|Any CPU.Build.0 = Release|Any CPU
		{F42CE410-28D4-442B-834C-84F712471771}.Debug|Any CPU.ActiveCfg = Debug|Any CPU
		{F42CE410-28D4-442B-834C-84F712471771}.Debug|Any CPU.Build.0 = Debug|Any CPU
		{F42CE410-28D4-442B-834C-84F712471771}.Release|Any CPU.ActiveCfg = Release|Any CPU
		{F42CE410-28D4-442B-834C-84F712471771}.Release|Any CPU.Build.0 = Release|Any CPU
		{968C2808-654D-40A4-9C5D-123AE6889DD6}.Debug|Any CPU.ActiveCfg = Debug|Any CPU
		{968C2808-654D-40A4-9C5D-123AE6889DD6}.Debug|Any CPU.Build.0 = Debug|Any CPU
		{968C2808-654D-40A4-9C5D-123AE6889DD6}.Release|Any CPU.ActiveCfg = Release|Any CPU
		{968C2808-654D-40A4-9C5D-123AE6889DD6}.Release|Any CPU.Build.0 = Release|Any CPU
		{F50BA165-2EA3-40C9-9FC1-C5B21458CD3B}.Debug|Any CPU.ActiveCfg = Debug|Any CPU
		{F50BA165-2EA3-40C9-9FC1-C5B21458CD3B}.Debug|Any CPU.Build.0 = Debug|Any CPU
		{F50BA165-2EA3-40C9-9FC1-C5B21458CD3B}.Release|Any CPU.ActiveCfg = Release|Any CPU
		{F50BA165-2EA3-40C9-9FC1-C5B21458CD3B}.Release|Any CPU.Build.0 = Release|Any CPU
		{7AE82DCB-39DF-4CC4-8C3B-D0D14122041E}.Debug|Any CPU.ActiveCfg = Debug|Any CPU
		{7AE82DCB-39DF-4CC4-8C3B-D0D14122041E}.Debug|Any CPU.Build.0 = Debug|Any CPU
		{7AE82DCB-39DF-4CC4-8C3B-D0D14122041E}.Release|Any CPU.ActiveCfg = Release|Any CPU
		{7AE82DCB-39DF-4CC4-8C3B-D0D14122041E}.Release|Any CPU.Build.0 = Release|Any CPU
		{8A282ABE-9888-4FE1-9193-72EC3AB6C5E1}.Debug|Any CPU.ActiveCfg = Debug|Any CPU
		{8A282ABE-9888-4FE1-9193-72EC3AB6C5E1}.Debug|Any CPU.Build.0 = Debug|Any CPU
		{8A282ABE-9888-4FE1-9193-72EC3AB6C5E1}.Release|Any CPU.ActiveCfg = Release|Any CPU
		{8A282ABE-9888-4FE1-9193-72EC3AB6C5E1}.Release|Any CPU.Build.0 = Release|Any CPU
		{5FCC9263-50A3-4E56-A426-F8B413D2EDBB}.Debug|Any CPU.ActiveCfg = Debug|Any CPU
		{5FCC9263-50A3-4E56-A426-F8B413D2EDBB}.Debug|Any CPU.Build.0 = Debug|Any CPU
		{5FCC9263-50A3-4E56-A426-F8B413D2EDBB}.Release|Any CPU.ActiveCfg = Release|Any CPU
		{5FCC9263-50A3-4E56-A426-F8B413D2EDBB}.Release|Any CPU.Build.0 = Release|Any CPU
		{A72B8D4F-26BA-42A6-BB6C-E9D84AADA241}.Debug|Any CPU.ActiveCfg = Debug|Any CPU
		{A72B8D4F-26BA-42A6-BB6C-E9D84AADA241}.Debug|Any CPU.Build.0 = Debug|Any CPU
		{A72B8D4F-26BA-42A6-BB6C-E9D84AADA241}.Release|Any CPU.ActiveCfg = Release|Any CPU
		{A72B8D4F-26BA-42A6-BB6C-E9D84AADA241}.Release|Any CPU.Build.0 = Release|Any CPU
		{829EE8D6-B40F-4804-B35D-F221F2B97875}.Debug|Any CPU.ActiveCfg = Debug|Any CPU
		{829EE8D6-B40F-4804-B35D-F221F2B97875}.Debug|Any CPU.Build.0 = Debug|Any CPU
		{829EE8D6-B40F-4804-B35D-F221F2B97875}.Release|Any CPU.ActiveCfg = Release|Any CPU
		{829EE8D6-B40F-4804-B35D-F221F2B97875}.Release|Any CPU.Build.0 = Release|Any CPU
	EndGlobalSection
	GlobalSection(SolutionProperties) = preSolution
		HideSolutionNode = FALSE
	EndGlobalSection
	GlobalSection(NestedProjects) = preSolution
		{A379DFF6-84A3-4B7A-943F-4E4DE319ADB2} = {0C157CE0-BC5F-4469-96CF-F57CDE7F313A}
		{FFBA0E3D-75F9-48FB-B989-46EA1E401F35} = {0C157CE0-BC5F-4469-96CF-F57CDE7F313A}
		{08AA1A97-84A6-4427-8654-76E3A09C1F39} = {A379DFF6-84A3-4B7A-943F-4E4DE319ADB2}
		{C721BE30-46F6-4D70-AD8A-279678C102DA} = {A379DFF6-84A3-4B7A-943F-4E4DE319ADB2}
		{0D967F8D-87D8-451E-ADF6-7C13E9A73F7C} = {FFBA0E3D-75F9-48FB-B989-46EA1E401F35}
		{B872D2C1-BBB2-4FDF-B415-F9337D8B990C} = {FFBA0E3D-75F9-48FB-B989-46EA1E401F35}
		{F42CE410-28D4-442B-834C-84F712471771} = {FFBA0E3D-75F9-48FB-B989-46EA1E401F35}
		{968C2808-654D-40A4-9C5D-123AE6889DD6} = {C7C32F29-34DE-487C-9D21-10E1A4AA4699}
		{F50BA165-2EA3-40C9-9FC1-C5B21458CD3B} = {C7C32F29-34DE-487C-9D21-10E1A4AA4699}
		{7AE82DCB-39DF-4CC4-8C3B-D0D14122041E} = {C7C32F29-34DE-487C-9D21-10E1A4AA4699}
		{8A282ABE-9888-4FE1-9193-72EC3AB6C5E1} = {C7C32F29-34DE-487C-9D21-10E1A4AA4699}
		{6F0F4AE4-5FD0-4856-8178-EA38748C6C2F} = {0C157CE0-BC5F-4469-96CF-F57CDE7F313A}
		{5FCC9263-50A3-4E56-A426-F8B413D2EDBB} = {6F0F4AE4-5FD0-4856-8178-EA38748C6C2F}
		{A72B8D4F-26BA-42A6-BB6C-E9D84AADA241} = {C7C32F29-34DE-487C-9D21-10E1A4AA4699}
		{829EE8D6-B40F-4804-B35D-F221F2B97875} = {C7C32F29-34DE-487C-9D21-10E1A4AA4699}
		{3F4DEF44-3D4F-46DC-BF15-9BCDD01CC377} = {6F0F4AE4-5FD0-4856-8178-EA38748C6C2F}
	EndGlobalSection
	GlobalSection(ExtensibilityGlobals) = postSolution
		SolutionGuid = {920EDF2B-79D6-48A5-AF80-5C4256675664}
	EndGlobalSection
EndGlobal
